{
  "nodes": {
    "nixpkgs": {
      "locked": {
        "lastModified": 1725232686,
        "narHash": "sha256-ySkhjS2Px3+NuWfTo317et7/uy1IC2qH9Ou5Toxudv4=",
        "owner": "nixos",
        "repo": "nixpkgs",
        "rev": "43e0b0d1bed337243512a4f018226e4309002203",
        "type": "github"
      },
      "original": {
        "owner": "nixos",
        "repo": "nixpkgs",
        "type": "github"
      }
    },
    "root": {
      "inputs": {
        "nixpkgs": "nixpkgs"
      }
    }
  },
  "root": "root",
  "version": 7
}
