{
  "nodes": {
    "nixpkgs": {
      "locked": {
        "lastModified": 1723556490,
        "narHash": "sha256-p5YNlsaIA1nEo2WJ5u9KOFv6P2yF580rEli1B69b4j8=",
        "owner": "nixos",
        "repo": "nixpkgs",
        "rev": "6264da49ab004873576c62e7bb4bd35e0230b994",
        "type": "github"
      },
      "original": {
        "owner": "nixos",
        "repo": "nixpkgs",
        "type": "github"
      }
    },
    "root": {
      "inputs": {
        "nixpkgs": "nixpkgs"
      }
    }
  },
  "root": "root",
  "version": 7
}
