{
  "nodes": {
    "nixpkgs": {
      "locked": {
        "lastModified": 1725239281,
        "narHash": "sha256-J0H8A69/Osg3jqKo6gtDpmZZMyADGkCcEeYE+U5VOow=",
        "owner": "nixos",
        "repo": "nixpkgs",
        "rev": "68b8ec770b5ccf4d0430c7f35c3c2a1538fe65a9",
        "type": "github"
      },
      "original": {
        "owner": "nixos",
        "repo": "nixpkgs",
        "type": "github"
      }
    },
    "root": {
      "inputs": {
        "nixpkgs": "nixpkgs"
      }
    }
  },
  "root": "root",
  "version": 7
}
